PODS:
  - ChikaCore/Error (0.11.1)
  - ChikaCore/Model:Auth (0.11.1):
    - ChikaCore/Model:Unique
  - ChikaCore/Model:Unique (0.11.1)
  - ChikaCore/Result (0.11.1)
  - ChikaCore/Service:Auth (0.11.1):
    - ChikaCore/Model:Auth
    - ChikaCore/Result
  - ChikaFirebase/Auth:SignIn (0.2):
    - ChikaCore/Error
    - ChikaCore/Service:Auth
    - ChikaFirebase/Validator:Auth
    - FirebaseCommunity/Auth
  - ChikaFirebase/Validator:Auth (0.2)
  - FirebaseCommunity/Auth (0.1.6):
    - FirebaseCommunity/Core
    - GoogleToolboxForMac/NSDictionary+URLArguments (~> 2.1)
    - GTMSessionFetcher/Core (~> 1.1)
  - FirebaseCommunity/Core (0.1.6):
    - FirebaseCommunity/Root
    - GoogleToolboxForMac/NSData+zlib (~> 2.1)
  - FirebaseCommunity/Root (0.1.6)
  - GoogleToolboxForMac/DebugUtils (2.1.3):
    - GoogleToolboxForMac/Defines (= 2.1.3)
  - GoogleToolboxForMac/Defines (2.1.3)
  - GoogleToolboxForMac/NSData+zlib (2.1.3):
    - GoogleToolboxForMac/Defines (= 2.1.3)
  - GoogleToolboxForMac/NSDictionary+URLArguments (2.1.3):
    - GoogleToolboxForMac/DebugUtils (= 2.1.3)
    - GoogleToolboxForMac/Defines (= 2.1.3)
    - GoogleToolboxForMac/NSString+URLArguments (= 2.1.3)
  - GoogleToolboxForMac/NSString+URLArguments (2.1.3)
  - GTMSessionFetcher/Core (1.1.12)

DEPENDENCIES:
  - ChikaFirebase/Auth:SignIn

SPEC CHECKSUMS:
  ChikaCore: 7c40700423fc0432182939fd006b4c04b9f18600
  ChikaFirebase: 61a764767545d757ae2e8262c2d0851e2b9464be
  FirebaseCommunity: 1f9a0e48654316b4ffe4c830db0ce72b9e2d2c9d
  GoogleToolboxForMac: 2501e2ad72a52eb3dfe7bd9aee7dad11b858bd20
  GTMSessionFetcher: ebaa1f79a5366922c1735f1566901f50beba23b7

PODFILE CHECKSUM: cc7e5e70151894edef2fbcfafd0af9e4d878776c

COCOAPODS: 1.3.1
